
Microsoft Visual Studio Solution File, Format Version 12.00
# Visual Studio 14
VisualStudioVersion = 14.0.24720.0
MinimumVisualStudioVersion = 10.0.40219.1
Project("{FAE04EC0-301F-11D3-BF4B-00C04F79EFBC}") = "HelloXamarinForms.Droid", "HelloXamarinForms\HelloXamarinForms.Droid\HelloXamarinForms.Droid.csproj", "{E8900462-E2D4-4757-8BD6-51B55F6F1246}"
EndProject
Project("{FAE04EC0-301F-11D3-BF4B-00C04F79EFBC}") = "HelloXamarinForms.iOS", "HelloXamarinForms\HelloXamarinForms.iOS\HelloXamarinForms.iOS.csproj", "{D097D701-8767-4F0E-86CF-35D08A4DCCE8}"
EndProject
Project("{FAE04EC0-301F-11D3-BF4B-00C04F79EFBC}") = "HelloXamarinForms.WinPhone", "HelloXamarinForms\HelloXamarinForms.WinPhone\HelloXamarinForms.WinPhone.csproj", "{1AD63D1B-9ED7-47BF-8F85-9A32D511BC23}"
EndProject
Project("{FAE04EC0-301F-11D3-BF4B-00C04F79EFBC}") = "HelloXamarinForms", "HelloXamarinForms\HelloXamarinForms\HelloXamarinForms.csproj", "{6BFE6666-1EFF-4BE8-BAE1-4F86EFBAA639}"
EndProject
Project("{FAE04EC0-301F-11D3-BF4B-00C04F79EFBC}") = "HelloXamarinForms.Windows81", "HelloXamarinForms\HelloXamarinForms.Windows81\HelloXamarinForms.Windows81.csproj", "{4D5A2AA8-66A5-422D-803B-4BCADE8E7529}"
EndProject
Project("{FAE04EC0-301F-11D3-BF4B-00C04F79EFBC}") = "HelloXamarinForms.WinPhone81", "HelloXamarinForms\HelloXamarinForms.WinPhone81\HelloXamarinForms.WinPhone81.csproj", "{DD63B547-FCF8-4BEB-B6E1-BA75741EBDCB}"
EndProject
Project("{FAE04EC0-301F-11D3-BF4B-00C04F79EFBC}") = "HelloXamarinForms.UWP", "HelloXamarinForms\HelloXamarinForms.UWP\HelloXamarinForms.UWP.csproj", "{A9EEB99E-A7F9-4272-B798-3C9C9CF4AC74}"
EndProject
Global
	GlobalSection(SolutionConfigurationPlatforms) = preSolution
		Ad-Hoc|Any CPU = Ad-Hoc|Any CPU
		Ad-Hoc|ARM = Ad-Hoc|ARM
		Ad-Hoc|iPhone = Ad-Hoc|iPhone
		Ad-Hoc|iPhoneSimulator = Ad-Hoc|iPhoneSimulator
		Ad-Hoc|x64 = Ad-Hoc|x64
		Ad-Hoc|x86 = Ad-Hoc|x86
		AppStore|Any CPU = AppStore|Any CPU
		AppStore|ARM = AppStore|ARM
		AppStore|iPhone = AppStore|iPhone
		AppStore|iPhoneSimulator = AppStore|iPhoneSimulator
		AppStore|x64 = AppStore|x64
		AppStore|x86 = AppStore|x86
		Debug|Any CPU = Debug|Any CPU
		Debug|ARM = Debug|ARM
		Debug|iPhone = Debug|iPhone
		Debug|iPhoneSimulator = Debug|iPhoneSimulator
		Debug|x64 = Debug|x64
		Debug|x86 = Debug|x86
		Release|Any CPU = Release|Any CPU
		Release|ARM = Release|ARM
		Release|iPhone = Release|iPhone
		Release|iPhoneSimulator = Release|iPhoneSimulator
		Release|x64 = Release|x64
		Release|x86 = Release|x86
	EndGlobalSection
	GlobalSection(ProjectConfigurationPlatforms) = postSolution
		{E8900462-E2D4-4757-8BD6-51B55F6F1246}.Ad-Hoc|Any CPU.ActiveCfg = Release|Any CPU
		{E8900462-E2D4-4757-8BD6-51B55F6F1246}.Ad-Hoc|Any CPU.Build.0 = Release|Any CPU
		{E8900462-E2D4-4757-8BD6-51B55F6F1246}.Ad-Hoc|Any CPU.Deploy.0 = Release|Any CPU
		{E8900462-E2D4-4757-8BD6-51B55F6F1246}.Ad-Hoc|ARM.ActiveCfg = Release|Any CPU
		{E8900462-E2D4-4757-8BD6-51B55F6F1246}.Ad-Hoc|ARM.Build.0 = Release|Any CPU
		{E8900462-E2D4-4757-8BD6-51B55F6F1246}.Ad-Hoc|ARM.Deploy.0 = Release|Any CPU
		{E8900462-E2D4-4757-8BD6-51B55F6F1246}.Ad-Hoc|iPhone.ActiveCfg = Release|Any CPU
		{E8900462-E2D4-4757-8BD6-51B55F6F1246}.Ad-Hoc|iPhone.Build.0 = Release|Any CPU
		{E8900462-E2D4-4757-8BD6-51B55F6F1246}.Ad-Hoc|iPhone.Deploy.0 = Release|Any CPU
		{E8900462-E2D4-4757-8BD6-51B55F6F1246}.Ad-Hoc|iPhoneSimulator.ActiveCfg = Release|Any CPU
		{E8900462-E2D4-4757-8BD6-51B55F6F1246}.Ad-Hoc|iPhoneSimulator.Build.0 = Release|Any CPU
		{E8900462-E2D4-4757-8BD6-51B55F6F1246}.Ad-Hoc|iPhoneSimulator.Deploy.0 = Release|Any CPU
		{E8900462-E2D4-4757-8BD6-51B55F6F1246}.Ad-Hoc|x64.ActiveCfg = Debug|Any CPU
		{E8900462-E2D4-4757-8BD6-51B55F6F1246}.Ad-Hoc|x64.Build.0 = Debug|Any CPU
		{E8900462-E2D4-4757-8BD6-51B55F6F1246}.Ad-Hoc|x64.Deploy.0 = Debug|Any CPU
		{E8900462-E2D4-4757-8BD6-51B55F6F1246}.Ad-Hoc|x86.ActiveCfg = Release|Any CPU
		{E8900462-E2D4-4757-8BD6-51B55F6F1246}.Ad-Hoc|x86.Build.0 = Release|Any CPU
		{E8900462-E2D4-4757-8BD6-51B55F6F1246}.Ad-Hoc|x86.Deploy.0 = Release|Any CPU
		{E8900462-E2D4-4757-8BD6-51B55F6F1246}.AppStore|Any CPU.ActiveCfg = Release|Any CPU
		{E8900462-E2D4-4757-8BD6-51B55F6F1246}.AppStore|Any CPU.Build.0 = Release|Any CPU
		{E8900462-E2D4-4757-8BD6-51B55F6F1246}.AppStore|Any CPU.Deploy.0 = Release|Any CPU
		{E8900462-E2D4-4757-8BD6-51B55F6F1246}.AppStore|ARM.ActiveCfg = Release|Any CPU
		{E8900462-E2D4-4757-8BD6-51B55F6F1246}.AppStore|ARM.Build.0 = Release|Any CPU
		{E8900462-E2D4-4757-8BD6-51B55F6F1246}.AppStore|ARM.Deploy.0 = Release|Any CPU
		{E8900462-E2D4-4757-8BD6-51B55F6F1246}.AppStore|iPhone.ActiveCfg = Release|Any CPU
		{E8900462-E2D4-4757-8BD6-51B55F6F1246}.AppStore|iPhone.Build.0 = Release|Any CPU
		{E8900462-E2D4-4757-8BD6-51B55F6F1246}.AppStore|iPhone.Deploy.0 = Release|Any CPU
		{E8900462-E2D4-4757-8BD6-51B55F6F1246}.AppStore|iPhoneSimulator.ActiveCfg = Release|Any CPU
		{E8900462-E2D4-4757-8BD6-51B55F6F1246}.AppStore|iPhoneSimulator.Build.0 = Release|Any CPU
		{E8900462-E2D4-4757-8BD6-51B55F6F1246}.AppStore|iPhoneSimulator.Deploy.0 = Release|Any CPU
		{E8900462-E2D4-4757-8BD6-51B55F6F1246}.AppStore|x64.ActiveCfg = Debug|Any CPU
		{E8900462-E2D4-4757-8BD6-51B55F6F1246}.AppStore|x64.Build.0 = Debug|Any CPU
		{E8900462-E2D4-4757-8BD6-51B55F6F1246}.AppStore|x64.Deploy.0 = Debug|Any CPU
		{E8900462-E2D4-4757-8BD6-51B55F6F1246}.AppStore|x86.ActiveCfg = Release|Any CPU
		{E8900462-E2D4-4757-8BD6-51B55F6F1246}.AppStore|x86.Build.0 = Release|Any CPU
		{E8900462-E2D4-4757-8BD6-51B55F6F1246}.AppStore|x86.Deploy.0 = Release|Any CPU
		{E8900462-E2D4-4757-8BD6-51B55F6F1246}.Debug|Any CPU.ActiveCfg = Debug|Any CPU
		{E8900462-E2D4-4757-8BD6-51B55F6F1246}.Debug|Any CPU.Build.0 = Debug|Any CPU
		{E8900462-E2D4-4757-8BD6-51B55F6F1246}.Debug|Any CPU.Deploy.0 = Debug|Any CPU
		{E8900462-E2D4-4757-8BD6-51B55F6F1246}.Debug|ARM.ActiveCfg = Debug|Any CPU
		{E8900462-E2D4-4757-8BD6-51B55F6F1246}.Debug|ARM.Build.0 = Debug|Any CPU
		{E8900462-E2D4-4757-8BD6-51B55F6F1246}.Debug|ARM.Deploy.0 = Debug|Any CPU
		{E8900462-E2D4-4757-8BD6-51B55F6F1246}.Debug|iPhone.ActiveCfg = Debug|Any CPU
		{E8900462-E2D4-4757-8BD6-51B55F6F1246}.Debug|iPhone.Build.0 = Debug|Any CPU
		{E8900462-E2D4-4757-8BD6-51B55F6F1246}.Debug|iPhone.Deploy.0 = Debug|Any CPU
		{E8900462-E2D4-4757-8BD6-51B55F6F1246}.Debug|iPhoneSimulator.ActiveCfg = Debug|Any CPU
		{E8900462-E2D4-4757-8BD6-51B55F6F1246}.Debug|iPhoneSimulator.Build.0 = Debug|Any CPU
		{E8900462-E2D4-4757-8BD6-51B55F6F1246}.Debug|iPhoneSimulator.Deploy.0 = Debug|Any CPU
		{E8900462-E2D4-4757-8BD6-51B55F6F1246}.Debug|x64.ActiveCfg = Debug|Any CPU
		{E8900462-E2D4-4757-8BD6-51B55F6F1246}.Debug|x64.Build.0 = Debug|Any CPU
		{E8900462-E2D4-4757-8BD6-51B55F6F1246}.Debug|x64.Deploy.0 = Debug|Any CPU
		{E8900462-E2D4-4757-8BD6-51B55F6F1246}.Debug|x86.ActiveCfg = Debug|Any CPU
		{E8900462-E2D4-4757-8BD6-51B55F6F1246}.Debug|x86.Build.0 = Debug|Any CPU
		{E8900462-E2D4-4757-8BD6-51B55F6F1246}.Debug|x86.Deploy.0 = Debug|Any CPU
		{E8900462-E2D4-4757-8BD6-51B55F6F1246}.Release|Any CPU.ActiveCfg = Release|Any CPU
		{E8900462-E2D4-4757-8BD6-51B55F6F1246}.Release|Any CPU.Build.0 = Release|Any CPU
		{E8900462-E2D4-4757-8BD6-51B55F6F1246}.Release|Any CPU.Deploy.0 = Release|Any CPU
		{E8900462-E2D4-4757-8BD6-51B55F6F1246}.Release|ARM.ActiveCfg = Release|Any CPU
		{E8900462-E2D4-4757-8BD6-51B55F6F1246}.Release|ARM.Build.0 = Release|Any CPU
		{E8900462-E2D4-4757-8BD6-51B55F6F1246}.Release|ARM.Deploy.0 = Release|Any CPU
		{E8900462-E2D4-4757-8BD6-51B55F6F1246}.Release|iPhone.ActiveCfg = Release|Any CPU
		{E8900462-E2D4-4757-8BD6-51B55F6F1246}.Release|iPhone.Build.0 = Release|Any CPU
		{E8900462-E2D4-4757-8BD6-51B55F6F1246}.Release|iPhone.Deploy.0 = Release|Any CPU
		{E8900462-E2D4-4757-8BD6-51B55F6F1246}.Release|iPhoneSimulator.ActiveCfg = Release|Any CPU
		{E8900462-E2D4-4757-8BD6-51B55F6F1246}.Release|iPhoneSimulator.Build.0 = Release|Any CPU
		{E8900462-E2D4-4757-8BD6-51B55F6F1246}.Release|iPhoneSimulator.Deploy.0 = Release|Any CPU
		{E8900462-E2D4-4757-8BD6-51B55F6F1246}.Release|x64.ActiveCfg = Release|Any CPU
		{E8900462-E2D4-4757-8BD6-51B55F6F1246}.Release|x64.Build.0 = Release|Any CPU
		{E8900462-E2D4-4757-8BD6-51B55F6F1246}.Release|x64.Deploy.0 = Release|Any CPU
		{E8900462-E2D4-4757-8BD6-51B55F6F1246}.Release|x86.ActiveCfg = Release|Any CPU
		{E8900462-E2D4-4757-8BD6-51B55F6F1246}.Release|x86.Build.0 = Release|Any CPU
		{E8900462-E2D4-4757-8BD6-51B55F6F1246}.Release|x86.Deploy.0 = Release|Any CPU
		{D097D701-8767-4F0E-86CF-35D08A4DCCE8}.Ad-Hoc|Any CPU.ActiveCfg = Ad-Hoc|iPhone
		{D097D701-8767-4F0E-86CF-35D08A4DCCE8}.Ad-Hoc|ARM.ActiveCfg = Ad-Hoc|iPhone
		{D097D701-8767-4F0E-86CF-35D08A4DCCE8}.Ad-Hoc|iPhone.ActiveCfg = Ad-Hoc|iPhone
		{D097D701-8767-4F0E-86CF-35D08A4DCCE8}.Ad-Hoc|iPhone.Build.0 = Ad-Hoc|iPhone
		{D097D701-8767-4F0E-86CF-35D08A4DCCE8}.Ad-Hoc|iPhoneSimulator.ActiveCfg = Ad-Hoc|iPhoneSimulator
		{D097D701-8767-4F0E-86CF-35D08A4DCCE8}.Ad-Hoc|iPhoneSimulator.Build.0 = Ad-Hoc|iPhoneSimulator
		{D097D701-8767-4F0E-86CF-35D08A4DCCE8}.Ad-Hoc|x64.ActiveCfg = Ad-Hoc|iPhoneSimulator
		{D097D701-8767-4F0E-86CF-35D08A4DCCE8}.Ad-Hoc|x86.ActiveCfg = Ad-Hoc|iPhone
		{D097D701-8767-4F0E-86CF-35D08A4DCCE8}.AppStore|Any CPU.ActiveCfg = AppStore|iPhone
		{D097D701-8767-4F0E-86CF-35D08A4DCCE8}.AppStore|ARM.ActiveCfg = AppStore|iPhone
		{D097D701-8767-4F0E-86CF-35D08A4DCCE8}.AppStore|iPhone.ActiveCfg = AppStore|iPhone
		{D097D701-8767-4F0E-86CF-35D08A4DCCE8}.AppStore|iPhone.Build.0 = AppStore|iPhone
		{D097D701-8767-4F0E-86CF-35D08A4DCCE8}.AppStore|iPhoneSimulator.ActiveCfg = AppStore|iPhoneSimulator
		{D097D701-8767-4F0E-86CF-35D08A4DCCE8}.AppStore|iPhoneSimulator.Build.0 = AppStore|iPhoneSimulator
		{D097D701-8767-4F0E-86CF-35D08A4DCCE8}.AppStore|x64.ActiveCfg = AppStore|iPhoneSimulator
		{D097D701-8767-4F0E-86CF-35D08A4DCCE8}.AppStore|x86.ActiveCfg = AppStore|iPhone
		{D097D701-8767-4F0E-86CF-35D08A4DCCE8}.Debug|Any CPU.ActiveCfg = Debug|iPhone
		{D097D701-8767-4F0E-86CF-35D08A4DCCE8}.Debug|ARM.ActiveCfg = Debug|iPhone
		{D097D701-8767-4F0E-86CF-35D08A4DCCE8}.Debug|iPhone.ActiveCfg = Debug|iPhone
		{D097D701-8767-4F0E-86CF-35D08A4DCCE8}.Debug|iPhone.Build.0 = Debug|iPhone
		{D097D701-8767-4F0E-86CF-35D08A4DCCE8}.Debug|iPhoneSimulator.ActiveCfg = Debug|iPhoneSimulator
		{D097D701-8767-4F0E-86CF-35D08A4DCCE8}.Debug|iPhoneSimulator.Build.0 = Debug|iPhoneSimulator
		{D097D701-8767-4F0E-86CF-35D08A4DCCE8}.Debug|x64.ActiveCfg = Debug|iPhoneSimulator
		{D097D701-8767-4F0E-86CF-35D08A4DCCE8}.Debug|x86.ActiveCfg = Debug|iPhone
		{D097D701-8767-4F0E-86CF-35D08A4DCCE8}.Release|Any CPU.ActiveCfg = Release|iPhone
		{D097D701-8767-4F0E-86CF-35D08A4DCCE8}.Release|ARM.ActiveCfg = Release|iPhone
		{D097D701-8767-4F0E-86CF-35D08A4DCCE8}.Release|iPhone.ActiveCfg = Release|iPhone
		{D097D701-8767-4F0E-86CF-35D08A4DCCE8}.Release|iPhone.Build.0 = Release|iPhone
		{D097D701-8767-4F0E-86CF-35D08A4DCCE8}.Release|iPhoneSimulator.ActiveCfg = Release|iPhoneSimulator
		{D097D701-8767-4F0E-86CF-35D08A4DCCE8}.Release|iPhoneSimulator.Build.0 = Release|iPhoneSimulator
		{D097D701-8767-4F0E-86CF-35D08A4DCCE8}.Release|x64.ActiveCfg = Release|iPhoneSimulator
		{D097D701-8767-4F0E-86CF-35D08A4DCCE8}.Release|x86.ActiveCfg = Release|iPhone
		{1AD63D1B-9ED7-47BF-8F85-9A32D511BC23}.Ad-Hoc|Any CPU.ActiveCfg = Release|Any CPU
		{1AD63D1B-9ED7-47BF-8F85-9A32D511BC23}.Ad-Hoc|Any CPU.Build.0 = Release|Any CPU
		{1AD63D1B-9ED7-47BF-8F85-9A32D511BC23}.Ad-Hoc|Any CPU.Deploy.0 = Release|Any CPU
		{1AD63D1B-9ED7-47BF-8F85-9A32D511BC23}.Ad-Hoc|ARM.ActiveCfg = Release|ARM
		{1AD63D1B-9ED7-47BF-8F85-9A32D511BC23}.Ad-Hoc|ARM.Build.0 = Release|ARM
		{1AD63D1B-9ED7-47BF-8F85-9A32D511BC23}.Ad-Hoc|ARM.Deploy.0 = Release|ARM
		{1AD63D1B-9ED7-47BF-8F85-9A32D511BC23}.Ad-Hoc|iPhone.ActiveCfg = Release|Any CPU
		{1AD63D1B-9ED7-47BF-8F85-9A32D511BC23}.Ad-Hoc|iPhone.Build.0 = Release|Any CPU
		{1AD63D1B-9ED7-47BF-8F85-9A32D511BC23}.Ad-Hoc|iPhone.Deploy.0 = Release|Any CPU
		{1AD63D1B-9ED7-47BF-8F85-9A32D511BC23}.Ad-Hoc|iPhoneSimulator.ActiveCfg = Release|Any CPU
		{1AD63D1B-9ED7-47BF-8F85-9A32D511BC23}.Ad-Hoc|iPhoneSimulator.Build.0 = Release|Any CPU
		{1AD63D1B-9ED7-47BF-8F85-9A32D511BC23}.Ad-Hoc|iPhoneSimulator.Deploy.0 = Release|Any CPU
		{1AD63D1B-9ED7-47BF-8F85-9A32D511BC23}.Ad-Hoc|x64.ActiveCfg = Debug|Any CPU
		{1AD63D1B-9ED7-47BF-8F85-9A32D511BC23}.Ad-Hoc|x64.Build.0 = Debug|Any CPU
		{1AD63D1B-9ED7-47BF-8F85-9A32D511BC23}.Ad-Hoc|x64.Deploy.0 = Debug|Any CPU
		{1AD63D1B-9ED7-47BF-8F85-9A32D511BC23}.Ad-Hoc|x86.ActiveCfg = Release|x86
		{1AD63D1B-9ED7-47BF-8F85-9A32D511BC23}.Ad-Hoc|x86.Build.0 = Release|x86
		{1AD63D1B-9ED7-47BF-8F85-9A32D511BC23}.Ad-Hoc|x86.Deploy.0 = Release|x86
		{1AD63D1B-9ED7-47BF-8F85-9A32D511BC23}.AppStore|Any CPU.ActiveCfg = Release|Any CPU
		{1AD63D1B-9ED7-47BF-8F85-9A32D511BC23}.AppStore|Any CPU.Build.0 = Release|Any CPU
		{1AD63D1B-9ED7-47BF-8F85-9A32D511BC23}.AppStore|Any CPU.Deploy.0 = Release|Any CPU
		{1AD63D1B-9ED7-47BF-8F85-9A32D511BC23}.AppStore|ARM.ActiveCfg = Release|ARM
		{1AD63D1B-9ED7-47BF-8F85-9A32D511BC23}.AppStore|ARM.Build.0 = Release|ARM
		{1AD63D1B-9ED7-47BF-8F85-9A32D511BC23}.AppStore|ARM.Deploy.0 = Release|ARM
		{1AD63D1B-9ED7-47BF-8F85-9A32D511BC23}.AppStore|iPhone.ActiveCfg = Release|Any CPU
		{1AD63D1B-9ED7-47BF-8F85-9A32D511BC23}.AppStore|iPhone.Build.0 = Release|Any CPU
		{1AD63D1B-9ED7-47BF-8F85-9A32D511BC23}.AppStore|iPhone.Deploy.0 = Release|Any CPU
		{1AD63D1B-9ED7-47BF-8F85-9A32D511BC23}.AppStore|iPhoneSimulator.ActiveCfg = Release|Any CPU
		{1AD63D1B-9ED7-47BF-8F85-9A32D511BC23}.AppStore|iPhoneSimulator.Build.0 = Release|Any CPU
		{1AD63D1B-9ED7-47BF-8F85-9A32D511BC23}.AppStore|iPhoneSimulator.Deploy.0 = Release|Any CPU
		{1AD63D1B-9ED7-47BF-8F85-9A32D511BC23}.AppStore|x64.ActiveCfg = Debug|Any CPU
		{1AD63D1B-9ED7-47BF-8F85-9A32D511BC23}.AppStore|x64.Build.0 = Debug|Any CPU
		{1AD63D1B-9ED7-47BF-8F85-9A32D511BC23}.AppStore|x64.Deploy.0 = Debug|Any CPU
		{1AD63D1B-9ED7-47BF-8F85-9A32D511BC23}.AppStore|x86.ActiveCfg = Release|x86
		{1AD63D1B-9ED7-47BF-8F85-9A32D511BC23}.AppStore|x86.Build.0 = Release|x86
		{1AD63D1B-9ED7-47BF-8F85-9A32D511BC23}.AppStore|x86.Deploy.0 = Release|x86
		{1AD63D1B-9ED7-47BF-8F85-9A32D511BC23}.Debug|Any CPU.ActiveCfg = Debug|Any CPU
		{1AD63D1B-9ED7-47BF-8F85-9A32D511BC23}.Debug|Any CPU.Build.0 = Debug|Any CPU
		{1AD63D1B-9ED7-47BF-8F85-9A32D511BC23}.Debug|Any CPU.Deploy.0 = Debug|Any CPU
		{1AD63D1B-9ED7-47BF-8F85-9A32D511BC23}.Debug|ARM.ActiveCfg = Debug|ARM
		{1AD63D1B-9ED7-47BF-8F85-9A32D511BC23}.Debug|ARM.Build.0 = Debug|ARM
		{1AD63D1B-9ED7-47BF-8F85-9A32D511BC23}.Debug|ARM.Deploy.0 = Debug|ARM
		{1AD63D1B-9ED7-47BF-8F85-9A32D511BC23}.Debug|iPhone.ActiveCfg = Debug|Any CPU
		{1AD63D1B-9ED7-47BF-8F85-9A32D511BC23}.Debug|iPhone.Build.0 = Debug|Any CPU
		{1AD63D1B-9ED7-47BF-8F85-9A32D511BC23}.Debug|iPhone.Deploy.0 = Debug|Any CPU
		{1AD63D1B-9ED7-47BF-8F85-9A32D511BC23}.Debug|iPhoneSimulator.ActiveCfg = Debug|Any CPU
		{1AD63D1B-9ED7-47BF-8F85-9A32D511BC23}.Debug|iPhoneSimulator.Build.0 = Debug|Any CPU
		{1AD63D1B-9ED7-47BF-8F85-9A32D511BC23}.Debug|iPhoneSimulator.Deploy.0 = Debug|Any CPU
		{1AD63D1B-9ED7-47BF-8F85-9A32D511BC23}.Debug|x64.ActiveCfg = Debug|Any CPU
		{1AD63D1B-9ED7-47BF-8F85-9A32D511BC23}.Debug|x64.Build.0 = Debug|Any CPU
		{1AD63D1B-9ED7-47BF-8F85-9A32D511BC23}.Debug|x64.Deploy.0 = Debug|Any CPU
		{1AD63D1B-9ED7-47BF-8F85-9A32D511BC23}.Debug|x86.ActiveCfg = Debug|x86
		{1AD63D1B-9ED7-47BF-8F85-9A32D511BC23}.Debug|x86.Build.0 = Debug|x86
		{1AD63D1B-9ED7-47BF-8F85-9A32D511BC23}.Debug|x86.Deploy.0 = Debug|x86
		{1AD63D1B-9ED7-47BF-8F85-9A32D511BC23}.Release|Any CPU.ActiveCfg = Release|Any CPU
		{1AD63D1B-9ED7-47BF-8F85-9A32D511BC23}.Release|Any CPU.Build.0 = Release|Any CPU
		{1AD63D1B-9ED7-47BF-8F85-9A32D511BC23}.Release|Any CPU.Deploy.0 = Release|Any CPU
		{1AD63D1B-9ED7-47BF-8F85-9A32D511BC23}.Release|ARM.ActiveCfg = Release|ARM
		{1AD63D1B-9ED7-47BF-8F85-9A32D511BC23}.Release|ARM.Build.0 = Release|ARM
		{1AD63D1B-9ED7-47BF-8F85-9A32D511BC23}.Release|ARM.Deploy.0 = Release|ARM
		{1AD63D1B-9ED7-47BF-8F85-9A32D511BC23}.Release|iPhone.ActiveCfg = Release|Any CPU
		{1AD63D1B-9ED7-47BF-8F85-9A32D511BC23}.Release|iPhone.Build.0 = Release|Any CPU
		{1AD63D1B-9ED7-47BF-8F85-9A32D511BC23}.Release|iPhone.Deploy.0 = Release|Any CPU
		{1AD63D1B-9ED7-47BF-8F85-9A32D511BC23}.Release|iPhoneSimulator.ActiveCfg = Release|Any CPU
		{1AD63D1B-9ED7-47BF-8F85-9A32D511BC23}.Release|iPhoneSimulator.Build.0 = Release|Any CPU
		{1AD63D1B-9ED7-47BF-8F85-9A32D511BC23}.Release|iPhoneSimulator.Deploy.0 = Release|Any CPU
		{1AD63D1B-9ED7-47BF-8F85-9A32D511BC23}.Release|x64.ActiveCfg = Release|Any CPU
		{1AD63D1B-9ED7-47BF-8F85-9A32D511BC23}.Release|x64.Build.0 = Release|Any CPU
		{1AD63D1B-9ED7-47BF-8F85-9A32D511BC23}.Release|x64.Deploy.0 = Release|Any CPU
		{1AD63D1B-9ED7-47BF-8F85-9A32D511BC23}.Release|x86.ActiveCfg = Release|x86
		{1AD63D1B-9ED7-47BF-8F85-9A32D511BC23}.Release|x86.Build.0 = Release|x86
		{1AD63D1B-9ED7-47BF-8F85-9A32D511BC23}.Release|x86.Deploy.0 = Release|x86
		{6BFE6666-1EFF-4BE8-BAE1-4F86EFBAA639}.Ad-Hoc|Any CPU.ActiveCfg = Release|Any CPU
		{6BFE6666-1EFF-4BE8-BAE1-4F86EFBAA639}.Ad-Hoc|Any CPU.Build.0 = Release|Any CPU
		{6BFE6666-1EFF-4BE8-BAE1-4F86EFBAA639}.Ad-Hoc|ARM.ActiveCfg = Release|Any CPU
		{6BFE6666-1EFF-4BE8-BAE1-4F86EFBAA639}.Ad-Hoc|ARM.Build.0 = Release|Any CPU
		{6BFE6666-1EFF-4BE8-BAE1-4F86EFBAA639}.Ad-Hoc|iPhone.ActiveCfg = Release|Any CPU
		{6BFE6666-1EFF-4BE8-BAE1-4F86EFBAA639}.Ad-Hoc|iPhone.Build.0 = Release|Any CPU
		{6BFE6666-1EFF-4BE8-BAE1-4F86EFBAA639}.Ad-Hoc|iPhoneSimulator.ActiveCfg = Release|Any CPU
		{6BFE6666-1EFF-4BE8-BAE1-4F86EFBAA639}.Ad-Hoc|iPhoneSimulator.Build.0 = Release|Any CPU
		{6BFE6666-1EFF-4BE8-BAE1-4F86EFBAA639}.Ad-Hoc|x64.ActiveCfg = Debug|Any CPU
		{6BFE6666-1EFF-4BE8-BAE1-4F86EFBAA639}.Ad-Hoc|x64.Build.0 = Debug|Any CPU
		{6BFE6666-1EFF-4BE8-BAE1-4F86EFBAA639}.Ad-Hoc|x86.ActiveCfg = Release|Any CPU
		{6BFE6666-1EFF-4BE8-BAE1-4F86EFBAA639}.Ad-Hoc|x86.Build.0 = Release|Any CPU
		{6BFE6666-1EFF-4BE8-BAE1-4F86EFBAA639}.AppStore|Any CPU.ActiveCfg = Release|Any CPU
		{6BFE6666-1EFF-4BE8-BAE1-4F86EFBAA639}.AppStore|Any CPU.Build.0 = Release|Any CPU
		{6BFE6666-1EFF-4BE8-BAE1-4F86EFBAA639}.AppStore|ARM.ActiveCfg = Release|Any CPU
		{6BFE6666-1EFF-4BE8-BAE1-4F86EFBAA639}.AppStore|ARM.Build.0 = Release|Any CPU
		{6BFE6666-1EFF-4BE8-BAE1-4F86EFBAA639}.AppStore|iPhone.ActiveCfg = Release|Any CPU
		{6BFE6666-1EFF-4BE8-BAE1-4F86EFBAA639}.AppStore|iPhone.Build.0 = Release|Any CPU
		{6BFE6666-1EFF-4BE8-BAE1-4F86EFBAA639}.AppStore|iPhoneSimulator.ActiveCfg = Release|Any CPU
		{6BFE6666-1EFF-4BE8-BAE1-4F86EFBAA639}.AppStore|iPhoneSimulator.Build.0 = Release|Any CPU
		{6BFE6666-1EFF-4BE8-BAE1-4F86EFBAA639}.AppStore|x64.ActiveCfg = Debug|Any CPU
		{6BFE6666-1EFF-4BE8-BAE1-4F86EFBAA639}.AppStore|x64.Build.0 = Debug|Any CPU
		{6BFE6666-1EFF-4BE8-BAE1-4F86EFBAA639}.AppStore|x86.ActiveCfg = Release|Any CPU
		{6BFE6666-1EFF-4BE8-BAE1-4F86EFBAA639}.AppStore|x86.Build.0 = Release|Any CPU
		{6BFE6666-1EFF-4BE8-BAE1-4F86EFBAA639}.Debug|Any CPU.ActiveCfg = Debug|Any CPU
		{6BFE6666-1EFF-4BE8-BAE1-4F86EFBAA639}.Debug|Any CPU.Build.0 = Debug|Any CPU
		{6BFE6666-1EFF-4BE8-BAE1-4F86EFBAA639}.Debug|ARM.ActiveCfg = Debug|Any CPU
		{6BFE6666-1EFF-4BE8-BAE1-4F86EFBAA639}.Debug|ARM.Build.0 = Debug|Any CPU
		{6BFE6666-1EFF-4BE8-BAE1-4F86EFBAA639}.Debug|iPhone.ActiveCfg = Debug|Any CPU
		{6BFE6666-1EFF-4BE8-BAE1-4F86EFBAA639}.Debug|iPhone.Build.0 = Debug|Any CPU
		{6BFE6666-1EFF-4BE8-BAE1-4F86EFBAA639}.Debug|iPhoneSimulator.ActiveCfg = Debug|Any CPU
		{6BFE6666-1EFF-4BE8-BAE1-4F86EFBAA639}.Debug|iPhoneSimulator.Build.0 = Debug|Any CPU
		{6BFE6666-1EFF-4BE8-BAE1-4F86EFBAA639}.Debug|x64.ActiveCfg = Debug|Any CPU
		{6BFE6666-1EFF-4BE8-BAE1-4F86EFBAA639}.Debug|x64.Build.0 = Debug|Any CPU
		{6BFE6666-1EFF-4BE8-BAE1-4F86EFBAA639}.Debug|x86.ActiveCfg = Debug|Any CPU
		{6BFE6666-1EFF-4BE8-BAE1-4F86EFBAA639}.Debug|x86.Build.0 = Debug|Any CPU
		{6BFE6666-1EFF-4BE8-BAE1-4F86EFBAA639}.Release|Any CPU.ActiveCfg = Release|Any CPU
		{6BFE6666-1EFF-4BE8-BAE1-4F86EFBAA639}.Release|Any CPU.Build.0 = Release|Any CPU
		{6BFE6666-1EFF-4BE8-BAE1-4F86EFBAA639}.Release|ARM.ActiveCfg = Release|Any CPU
		{6BFE6666-1EFF-4BE8-BAE1-4F86EFBAA639}.Release|ARM.Build.0 = Release|Any CPU
		{6BFE6666-1EFF-4BE8-BAE1-4F86EFBAA639}.Release|iPhone.ActiveCfg = Release|Any CPU
		{6BFE6666-1EFF-4BE8-BAE1-4F86EFBAA639}.Release|iPhone.Build.0 = Release|Any CPU
		{6BFE6666-1EFF-4BE8-BAE1-4F86EFBAA639}.Release|iPhoneSimulator.ActiveCfg = Release|Any CPU
		{6BFE6666-1EFF-4BE8-BAE1-4F86EFBAA639}.Release|iPhoneSimulator.Build.0 = Release|Any CPU
		{6BFE6666-1EFF-4BE8-BAE1-4F86EFBAA639}.Release|x64.ActiveCfg = Release|Any CPU
		{6BFE6666-1EFF-4BE8-BAE1-4F86EFBAA639}.Release|x64.Build.0 = Release|Any CPU
		{6BFE6666-1EFF-4BE8-BAE1-4F86EFBAA639}.Release|x86.ActiveCfg = Release|Any CPU
		{6BFE6666-1EFF-4BE8-BAE1-4F86EFBAA639}.Release|x86.Build.0 = Release|Any CPU
		{4D5A2AA8-66A5-422D-803B-4BCADE8E7529}.Ad-Hoc|Any CPU.ActiveCfg = Release|Any CPU
		{4D5A2AA8-66A5-422D-803B-4BCADE8E7529}.Ad-Hoc|Any CPU.Build.0 = Release|Any CPU
		{4D5A2AA8-66A5-422D-803B-4BCADE8E7529}.Ad-Hoc|Any CPU.Deploy.0 = Release|Any CPU
		{4D5A2AA8-66A5-422D-803B-4BCADE8E7529}.Ad-Hoc|ARM.ActiveCfg = Release|ARM
		{4D5A2AA8-66A5-422D-803B-4BCADE8E7529}.Ad-Hoc|ARM.Build.0 = Release|ARM
		{4D5A2AA8-66A5-422D-803B-4BCADE8E7529}.Ad-Hoc|ARM.Deploy.0 = Release|ARM
		{4D5A2AA8-66A5-422D-803B-4BCADE8E7529}.Ad-Hoc|iPhone.ActiveCfg = Release|Any CPU
		{4D5A2AA8-66A5-422D-803B-4BCADE8E7529}.Ad-Hoc|iPhone.Build.0 = Release|Any CPU
		{4D5A2AA8-66A5-422D-803B-4BCADE8E7529}.Ad-Hoc|iPhone.Deploy.0 = Release|Any CPU
		{4D5A2AA8-66A5-422D-803B-4BCADE8E7529}.Ad-Hoc|iPhoneSimulator.ActiveCfg = Release|Any CPU
		{4D5A2AA8-66A5-422D-803B-4BCADE8E7529}.Ad-Hoc|iPhoneSimulator.Build.0 = Release|Any CPU
		{4D5A2AA8-66A5-422D-803B-4BCADE8E7529}.Ad-Hoc|iPhoneSimulator.Deploy.0 = Release|Any CPU
		{4D5A2AA8-66A5-422D-803B-4BCADE8E7529}.Ad-Hoc|x64.ActiveCfg = Release|x64
		{4D5A2AA8-66A5-422D-803B-4BCADE8E7529}.Ad-Hoc|x64.Build.0 = Release|x64
		{4D5A2AA8-66A5-422D-803B-4BCADE8E7529}.Ad-Hoc|x64.Deploy.0 = Release|x64
		{4D5A2AA8-66A5-422D-803B-4BCADE8E7529}.Ad-Hoc|x86.ActiveCfg = Release|x86
		{4D5A2AA8-66A5-422D-803B-4BCADE8E7529}.Ad-Hoc|x86.Build.0 = Release|x86
		{4D5A2AA8-66A5-422D-803B-4BCADE8E7529}.Ad-Hoc|x86.Deploy.0 = Release|x86
		{4D5A2AA8-66A5-422D-803B-4BCADE8E7529}.AppStore|Any CPU.ActiveCfg = Release|Any CPU
		{4D5A2AA8-66A5-422D-803B-4BCADE8E7529}.AppStore|Any CPU.Build.0 = Release|Any CPU
		{4D5A2AA8-66A5-422D-803B-4BCADE8E7529}.AppStore|Any CPU.Deploy.0 = Release|Any CPU
		{4D5A2AA8-66A5-422D-803B-4BCADE8E7529}.AppStore|ARM.ActiveCfg = Release|ARM
		{4D5A2AA8-66A5-422D-803B-4BCADE8E7529}.AppStore|ARM.Build.0 = Release|ARM
		{4D5A2AA8-66A5-422D-803B-4BCADE8E7529}.AppStore|ARM.Deploy.0 = Release|ARM
		{4D5A2AA8-66A5-422D-803B-4BCADE8E7529}.AppStore|iPhone.ActiveCfg = Release|Any CPU
		{4D5A2AA8-66A5-422D-803B-4BCADE8E7529}.AppStore|iPhone.Build.0 = Release|Any CPU
		{4D5A2AA8-66A5-422D-803B-4BCADE8E7529}.AppStore|iPhone.Deploy.0 = Release|Any CPU
		{4D5A2AA8-66A5-422D-803B-4BCADE8E7529}.AppStore|iPhoneSimulator.ActiveCfg = Release|Any CPU
		{4D5A2AA8-66A5-422D-803B-4BCADE8E7529}.AppStore|iPhoneSimulator.Build.0 = Release|Any CPU
		{4D5A2AA8-66A5-422D-803B-4BCADE8E7529}.AppStore|iPhoneSimulator.Deploy.0 = Release|Any CPU
		{4D5A2AA8-66A5-422D-803B-4BCADE8E7529}.AppStore|x64.ActiveCfg = Release|x64
		{4D5A2AA8-66A5-422D-803B-4BCADE8E7529}.AppStore|x64.Build.0 = Release|x64
		{4D5A2AA8-66A5-422D-803B-4BCADE8E7529}.AppStore|x64.Deploy.0 = Release|x64
		{4D5A2AA8-66A5-422D-803B-4BCADE8E7529}.AppStore|x86.ActiveCfg = Release|x86
		{4D5A2AA8-66A5-422D-803B-4BCADE8E7529}.AppStore|x86.Build.0 = Release|x86
		{4D5A2AA8-66A5-422D-803B-4BCADE8E7529}.AppStore|x86.Deploy.0 = Release|x86
		{4D5A2AA8-66A5-422D-803B-4BCADE8E7529}.Debug|Any CPU.ActiveCfg = Debug|Any CPU
		{4D5A2AA8-66A5-422D-803B-4BCADE8E7529}.Debug|Any CPU.Build.0 = Debug|Any CPU
		{4D5A2AA8-66A5-422D-803B-4BCADE8E7529}.Debug|Any CPU.Deploy.0 = Debug|Any CPU
		{4D5A2AA8-66A5-422D-803B-4BCADE8E7529}.Debug|ARM.ActiveCfg = Debug|ARM
		{4D5A2AA8-66A5-422D-803B-4BCADE8E7529}.Debug|ARM.Build.0 = Debug|ARM
		{4D5A2AA8-66A5-422D-803B-4BCADE8E7529}.Debug|ARM.Deploy.0 = Debug|ARM
		{4D5A2AA8-66A5-422D-803B-4BCADE8E7529}.Debug|iPhone.ActiveCfg = Debug|Any CPU
		{4D5A2AA8-66A5-422D-803B-4BCADE8E7529}.Debug|iPhone.Build.0 = Debug|Any CPU
		{4D5A2AA8-66A5-422D-803B-4BCADE8E7529}.Debug|iPhone.Deploy.0 = Debug|Any CPU
		{4D5A2AA8-66A5-422D-803B-4BCADE8E7529}.Debug|iPhoneSimulator.ActiveCfg = Debug|Any CPU
		{4D5A2AA8-66A5-422D-803B-4BCADE8E7529}.Debug|iPhoneSimulator.Build.0 = Debug|Any CPU
		{4D5A2AA8-66A5-422D-803B-4BCADE8E7529}.Debug|iPhoneSimulator.Deploy.0 = Debug|Any CPU
		{4D5A2AA8-66A5-422D-803B-4BCADE8E7529}.Debug|x64.ActiveCfg = Debug|x64
		{4D5A2AA8-66A5-422D-803B-4BCADE8E7529}.Debug|x64.Build.0 = Debug|x64
		{4D5A2AA8-66A5-422D-803B-4BCADE8E7529}.Debug|x64.Deploy.0 = Debug|x64
		{4D5A2AA8-66A5-422D-803B-4BCADE8E7529}.Debug|x86.ActiveCfg = Debug|x86
		{4D5A2AA8-66A5-422D-803B-4BCADE8E7529}.Debug|x86.Build.0 = Debug|x86
		{4D5A2AA8-66A5-422D-803B-4BCADE8E7529}.Debug|x86.Deploy.0 = Debug|x86
		{4D5A2AA8-66A5-422D-803B-4BCADE8E7529}.Release|Any CPU.ActiveCfg = Release|Any CPU
		{4D5A2AA8-66A5-422D-803B-4BCADE8E7529}.Release|Any CPU.Build.0 = Release|Any CPU
		{4D5A2AA8-66A5-422D-803B-4BCADE8E7529}.Release|Any CPU.Deploy.0 = Release|Any CPU
		{4D5A2AA8-66A5-422D-803B-4BCADE8E7529}.Release|ARM.ActiveCfg = Release|ARM
		{4D5A2AA8-66A5-422D-803B-4BCADE8E7529}.Release|ARM.Build.0 = Release|ARM
		{4D5A2AA8-66A5-422D-803B-4BCADE8E7529}.Release|ARM.Deploy.0 = Release|ARM
		{4D5A2AA8-66A5-422D-803B-4BCADE8E7529}.Release|iPhone.ActiveCfg = Release|Any CPU
		{4D5A2AA8-66A5-422D-803B-4BCADE8E7529}.Release|iPhone.Build.0 = Release|Any CPU
		{4D5A2AA8-66A5-422D-803B-4BCADE8E7529}.Release|iPhone.Deploy.0 = Release|Any CPU
		{4D5A2AA8-66A5-422D-803B-4BCADE8E7529}.Release|iPhoneSimulator.ActiveCfg = Release|Any CPU
		{4D5A2AA8-66A5-422D-803B-4BCADE8E7529}.Release|iPhoneSimulator.Build.0 = Release|Any CPU
		{4D5A2AA8-66A5-422D-803B-4BCADE8E7529}.Release|iPhoneSimulator.Deploy.0 = Release|Any CPU
		{4D5A2AA8-66A5-422D-803B-4BCADE8E7529}.Release|x64.ActiveCfg = Release|x64
		{4D5A2AA8-66A5-422D-803B-4BCADE8E7529}.Release|x64.Build.0 = Release|x64
		{4D5A2AA8-66A5-422D-803B-4BCADE8E7529}.Release|x64.Deploy.0 = Release|x64
		{4D5A2AA8-66A5-422D-803B-4BCADE8E7529}.Release|x86.ActiveCfg = Release|x86
		{4D5A2AA8-66A5-422D-803B-4BCADE8E7529}.Release|x86.Build.0 = Release|x86
		{4D5A2AA8-66A5-422D-803B-4BCADE8E7529}.Release|x86.Deploy.0 = Release|x86
		{DD63B547-FCF8-4BEB-B6E1-BA75741EBDCB}.Ad-Hoc|Any CPU.ActiveCfg = Release|Any CPU
		{DD63B547-FCF8-4BEB-B6E1-BA75741EBDCB}.Ad-Hoc|Any CPU.Build.0 = Release|Any CPU
		{DD63B547-FCF8-4BEB-B6E1-BA75741EBDCB}.Ad-Hoc|Any CPU.Deploy.0 = Release|Any CPU
		{DD63B547-FCF8-4BEB-B6E1-BA75741EBDCB}.Ad-Hoc|ARM.ActiveCfg = Release|ARM
		{DD63B547-FCF8-4BEB-B6E1-BA75741EBDCB}.Ad-Hoc|ARM.Build.0 = Release|ARM
		{DD63B547-FCF8-4BEB-B6E1-BA75741EBDCB}.Ad-Hoc|ARM.Deploy.0 = Release|ARM
		{DD63B547-FCF8-4BEB-B6E1-BA75741EBDCB}.Ad-Hoc|iPhone.ActiveCfg = Release|Any CPU
		{DD63B547-FCF8-4BEB-B6E1-BA75741EBDCB}.Ad-Hoc|iPhone.Build.0 = Release|Any CPU
		{DD63B547-FCF8-4BEB-B6E1-BA75741EBDCB}.Ad-Hoc|iPhone.Deploy.0 = Release|Any CPU
		{DD63B547-FCF8-4BEB-B6E1-BA75741EBDCB}.Ad-Hoc|iPhoneSimulator.ActiveCfg = Release|Any CPU
		{DD63B547-FCF8-4BEB-B6E1-BA75741EBDCB}.Ad-Hoc|iPhoneSimulator.Build.0 = Release|Any CPU
		{DD63B547-FCF8-4BEB-B6E1-BA75741EBDCB}.Ad-Hoc|iPhoneSimulator.Deploy.0 = Release|Any CPU
		{DD63B547-FCF8-4BEB-B6E1-BA75741EBDCB}.Ad-Hoc|x64.ActiveCfg = Release|Any CPU
		{DD63B547-FCF8-4BEB-B6E1-BA75741EBDCB}.Ad-Hoc|x64.Build.0 = Release|Any CPU
		{DD63B547-FCF8-4BEB-B6E1-BA75741EBDCB}.Ad-Hoc|x64.Deploy.0 = Release|Any CPU
		{DD63B547-FCF8-4BEB-B6E1-BA75741EBDCB}.Ad-Hoc|x86.ActiveCfg = Release|x86
		{DD63B547-FCF8-4BEB-B6E1-BA75741EBDCB}.Ad-Hoc|x86.Build.0 = Release|x86
		{DD63B547-FCF8-4BEB-B6E1-BA75741EBDCB}.Ad-Hoc|x86.Deploy.0 = Release|x86
		{DD63B547-FCF8-4BEB-B6E1-BA75741EBDCB}.AppStore|Any CPU.ActiveCfg = Release|Any CPU
		{DD63B547-FCF8-4BEB-B6E1-BA75741EBDCB}.AppStore|Any CPU.Build.0 = Release|Any CPU
		{DD63B547-FCF8-4BEB-B6E1-BA75741EBDCB}.AppStore|Any CPU.Deploy.0 = Release|Any CPU
		{DD63B547-FCF8-4BEB-B6E1-BA75741EBDCB}.AppStore|ARM.ActiveCfg = Release|ARM
		{DD63B547-FCF8-4BEB-B6E1-BA75741EBDCB}.AppStore|ARM.Build.0 = Release|ARM
		{DD63B547-FCF8-4BEB-B6E1-BA75741EBDCB}.AppStore|ARM.Deploy.0 = Release|ARM
		{DD63B547-FCF8-4BEB-B6E1-BA75741EBDCB}.AppStore|iPhone.ActiveCfg = Release|Any CPU
		{DD63B547-FCF8-4BEB-B6E1-BA75741EBDCB}.AppStore|iPhone.Build.0 = Release|Any CPU
		{DD63B547-FCF8-4BEB-B6E1-BA75741EBDCB}.AppStore|iPhone.Deploy.0 = Release|Any CPU
		{DD63B547-FCF8-4BEB-B6E1-BA75741EBDCB}.AppStore|iPhoneSimulator.ActiveCfg = Release|Any CPU
		{DD63B547-FCF8-4BEB-B6E1-BA75741EBDCB}.AppStore|iPhoneSimulator.Build.0 = Release|Any CPU
		{DD63B547-FCF8-4BEB-B6E1-BA75741EBDCB}.AppStore|iPhoneSimulator.Deploy.0 = Release|Any CPU
		{DD63B547-FCF8-4BEB-B6E1-BA75741EBDCB}.AppStore|x64.ActiveCfg = Release|Any CPU
		{DD63B547-FCF8-4BEB-B6E1-BA75741EBDCB}.AppStore|x64.Build.0 = Release|Any CPU
		{DD63B547-FCF8-4BEB-B6E1-BA75741EBDCB}.AppStore|x64.Deploy.0 = Release|Any CPU
		{DD63B547-FCF8-4BEB-B6E1-BA75741EBDCB}.AppStore|x86.ActiveCfg = Release|x86
		{DD63B547-FCF8-4BEB-B6E1-BA75741EBDCB}.AppStore|x86.Build.0 = Release|x86
		{DD63B547-FCF8-4BEB-B6E1-BA75741EBDCB}.AppStore|x86.Deploy.0 = Release|x86
		{DD63B547-FCF8-4BEB-B6E1-BA75741EBDCB}.Debug|Any CPU.ActiveCfg = Debug|Any CPU
		{DD63B547-FCF8-4BEB-B6E1-BA75741EBDCB}.Debug|Any CPU.Build.0 = Debug|Any CPU
		{DD63B547-FCF8-4BEB-B6E1-BA75741EBDCB}.Debug|Any CPU.Deploy.0 = Debug|Any CPU
		{DD63B547-FCF8-4BEB-B6E1-BA75741EBDCB}.Debug|ARM.ActiveCfg = Debug|ARM
		{DD63B547-FCF8-4BEB-B6E1-BA75741EBDCB}.Debug|ARM.Build.0 = Debug|ARM
		{DD63B547-FCF8-4BEB-B6E1-BA75741EBDCB}.Debug|ARM.Deploy.0 = Debug|ARM
		{DD63B547-FCF8-4BEB-B6E1-BA75741EBDCB}.Debug|iPhone.ActiveCfg = Debug|Any CPU
		{DD63B547-FCF8-4BEB-B6E1-BA75741EBDCB}.Debug|iPhone.Build.0 = Debug|Any CPU
		{DD63B547-FCF8-4BEB-B6E1-BA75741EBDCB}.Debug|iPhone.Deploy.0 = Debug|Any CPU
		{DD63B547-FCF8-4BEB-B6E1-BA75741EBDCB}.Debug|iPhoneSimulator.ActiveCfg = Debug|Any CPU
		{DD63B547-FCF8-4BEB-B6E1-BA75741EBDCB}.Debug|iPhoneSimulator.Build.0 = Debug|Any CPU
		{DD63B547-FCF8-4BEB-B6E1-BA75741EBDCB}.Debug|iPhoneSimulator.Deploy.0 = Debug|Any CPU
		{DD63B547-FCF8-4BEB-B6E1-BA75741EBDCB}.Debug|x64.ActiveCfg = Debug|Any CPU
		{DD63B547-FCF8-4BEB-B6E1-BA75741EBDCB}.Debug|x64.Build.0 = Debug|Any CPU
		{DD63B547-FCF8-4BEB-B6E1-BA75741EBDCB}.Debug|x64.Deploy.0 = Debug|Any CPU
		{DD63B547-FCF8-4BEB-B6E1-BA75741EBDCB}.Debug|x86.ActiveCfg = Debug|x86
		{DD63B547-FCF8-4BEB-B6E1-BA75741EBDCB}.Debug|x86.Build.0 = Debug|x86
		{DD63B547-FCF8-4BEB-B6E1-BA75741EBDCB}.Debug|x86.Deploy.0 = Debug|x86
		{DD63B547-FCF8-4BEB-B6E1-BA75741EBDCB}.Release|Any CPU.ActiveCfg = Release|Any CPU
		{DD63B547-FCF8-4BEB-B6E1-BA75741EBDCB}.Release|Any CPU.Build.0 = Release|Any CPU
		{DD63B547-FCF8-4BEB-B6E1-BA75741EBDCB}.Release|Any CPU.Deploy.0 = Release|Any CPU
		{DD63B547-FCF8-4BEB-B6E1-BA75741EBDCB}.Release|ARM.ActiveCfg = Release|ARM
		{DD63B547-FCF8-4BEB-B6E1-BA75741EBDCB}.Release|ARM.Build.0 = Release|ARM
		{DD63B547-FCF8-4BEB-B6E1-BA75741EBDCB}.Release|ARM.Deploy.0 = Release|ARM
		{DD63B547-FCF8-4BEB-B6E1-BA75741EBDCB}.Release|iPhone.ActiveCfg = Release|Any CPU
		{DD63B547-FCF8-4BEB-B6E1-BA75741EBDCB}.Release|iPhone.Build.0 = Release|Any CPU
		{DD63B547-FCF8-4BEB-B6E1-BA75741EBDCB}.Release|iPhone.Deploy.0 = Release|Any CPU
		{DD63B547-FCF8-4BEB-B6E1-BA75741EBDCB}.Release|iPhoneSimulator.ActiveCfg = Release|Any CPU
		{DD63B547-FCF8-4BEB-B6E1-BA75741EBDCB}.Release|iPhoneSimulator.Build.0 = Release|Any CPU
		{DD63B547-FCF8-4BEB-B6E1-BA75741EBDCB}.Release|iPhoneSimulator.Deploy.0 = Release|Any CPU
		{DD63B547-FCF8-4BEB-B6E1-BA75741EBDCB}.Release|x64.ActiveCfg = Release|Any CPU
		{DD63B547-FCF8-4BEB-B6E1-BA75741EBDCB}.Release|x64.Build.0 = Release|Any CPU
		{DD63B547-FCF8-4BEB-B6E1-BA75741EBDCB}.Release|x64.Deploy.0 = Release|Any CPU
		{DD63B547-FCF8-4BEB-B6E1-BA75741EBDCB}.Release|x86.ActiveCfg = Release|x86
		{DD63B547-FCF8-4BEB-B6E1-BA75741EBDCB}.Release|x86.Build.0 = Release|x86
		{DD63B547-FCF8-4BEB-B6E1-BA75741EBDCB}.Release|x86.Deploy.0 = Release|x86
		{A9EEB99E-A7F9-4272-B798-3C9C9CF4AC74}.Ad-Hoc|Any CPU.ActiveCfg = Release|x64
		{A9EEB99E-A7F9-4272-B798-3C9C9CF4AC74}.Ad-Hoc|Any CPU.Build.0 = Release|x64
		{A9EEB99E-A7F9-4272-B798-3C9C9CF4AC74}.Ad-Hoc|Any CPU.Deploy.0 = Release|x64
		{A9EEB99E-A7F9-4272-B798-3C9C9CF4AC74}.Ad-Hoc|ARM.ActiveCfg = Release|ARM
		{A9EEB99E-A7F9-4272-B798-3C9C9CF4AC74}.Ad-Hoc|ARM.Build.0 = Release|ARM
		{A9EEB99E-A7F9-4272-B798-3C9C9CF4AC74}.Ad-Hoc|ARM.Deploy.0 = Release|ARM
		{A9EEB99E-A7F9-4272-B798-3C9C9CF4AC74}.Ad-Hoc|iPhone.ActiveCfg = Release|x64
		{A9EEB99E-A7F9-4272-B798-3C9C9CF4AC74}.Ad-Hoc|iPhone.Build.0 = Release|x64
		{A9EEB99E-A7F9-4272-B798-3C9C9CF4AC74}.Ad-Hoc|iPhone.Deploy.0 = Release|x64
		{A9EEB99E-A7F9-4272-B798-3C9C9CF4AC74}.Ad-Hoc|iPhoneSimulator.ActiveCfg = Release|x64
		{A9EEB99E-A7F9-4272-B798-3C9C9CF4AC74}.Ad-Hoc|iPhoneSimulator.Build.0 = Release|x64
		{A9EEB99E-A7F9-4272-B798-3C9C9CF4AC74}.Ad-Hoc|iPhoneSimulator.Deploy.0 = Release|x64
		{A9EEB99E-A7F9-4272-B798-3C9C9CF4AC74}.Ad-Hoc|x64.ActiveCfg = Release|x64
		{A9EEB99E-A7F9-4272-B798-3C9C9CF4AC74}.Ad-Hoc|x64.Build.0 = Release|x64
		{A9EEB99E-A7F9-4272-B798-3C9C9CF4AC74}.Ad-Hoc|x64.Deploy.0 = Release|x64
		{A9EEB99E-A7F9-4272-B798-3C9C9CF4AC74}.Ad-Hoc|x86.ActiveCfg = Release|x86
		{A9EEB99E-A7F9-4272-B798-3C9C9CF4AC74}.Ad-Hoc|x86.Build.0 = Release|x86
		{A9EEB99E-A7F9-4272-B798-3C9C9CF4AC74}.Ad-Hoc|x86.Deploy.0 = Release|x86
		{A9EEB99E-A7F9-4272-B798-3C9C9CF4AC74}.AppStore|Any CPU.ActiveCfg = Release|x64
		{A9EEB99E-A7F9-4272-B798-3C9C9CF4AC74}.AppStore|Any CPU.Build.0 = Release|x64
		{A9EEB99E-A7F9-4272-B798-3C9C9CF4AC74}.AppStore|Any CPU.Deploy.0 = Release|x64
		{A9EEB99E-A7F9-4272-B798-3C9C9CF4AC74}.AppStore|ARM.ActiveCfg = Release|ARM
		{A9EEB99E-A7F9-4272-B798-3C9C9CF4AC74}.AppStore|ARM.Build.0 = Release|ARM
		{A9EEB99E-A7F9-4272-B798-3C9C9CF4AC74}.AppStore|ARM.Deploy.0 = Release|ARM
		{A9EEB99E-A7F9-4272-B798-3C9C9CF4AC74}.AppStore|iPhone.ActiveCfg = Release|x64
		{A9EEB99E-A7F9-4272-B798-3C9C9CF4AC74}.AppStore|iPhone.Build.0 = Release|x64
		{A9EEB99E-A7F9-4272-B798-3C9C9CF4AC74}.AppStore|iPhone.Deploy.0 = Release|x64
		{A9EEB99E-A7F9-4272-B798-3C9C9CF4AC74}.AppStore|iPhoneSimulator.ActiveCfg = Release|x64
		{A9EEB99E-A7F9-4272-B798-3C9C9CF4AC74}.AppStore|iPhoneSimulator.Build.0 = Release|x64
		{A9EEB99E-A7F9-4272-B798-3C9C9CF4AC74}.AppStore|iPhoneSimulator.Deploy.0 = Release|x64
		{A9EEB99E-A7F9-4272-B798-3C9C9CF4AC74}.AppStore|x64.ActiveCfg = Release|x64
		{A9EEB99E-A7F9-4272-B798-3C9C9CF4AC74}.AppStore|x64.Build.0 = Release|x64
		{A9EEB99E-A7F9-4272-B798-3C9C9CF4AC74}.AppStore|x64.Deploy.0 = Release|x64
		{A9EEB99E-A7F9-4272-B798-3C9C9CF4AC74}.AppStore|x86.ActiveCfg = Release|x86
		{A9EEB99E-A7F9-4272-B798-3C9C9CF4AC74}.AppStore|x86.Build.0 = Release|x86
		{A9EEB99E-A7F9-4272-B798-3C9C9CF4AC74}.AppStore|x86.Deploy.0 = Release|x86
		{A9EEB99E-A7F9-4272-B798-3C9C9CF4AC74}.Debug|Any CPU.ActiveCfg = Debug|x86
		{A9EEB99E-A7F9-4272-B798-3C9C9CF4AC74}.Debug|Any CPU.Build.0 = Debug|x86
		{A9EEB99E-A7F9-4272-B798-3C9C9CF4AC74}.Debug|Any CPU.Deploy.0 = Debug|x86
		{A9EEB99E-A7F9-4272-B798-3C9C9CF4AC74}.Debug|ARM.ActiveCfg = Debug|ARM
		{A9EEB99E-A7F9-4272-B798-3C9C9CF4AC74}.Debug|ARM.Build.0 = Debug|ARM
		{A9EEB99E-A7F9-4272-B798-3C9C9CF4AC74}.Debug|ARM.Deploy.0 = Debug|ARM
		{A9EEB99E-A7F9-4272-B798-3C9C9CF4AC74}.Debug|iPhone.ActiveCfg = Debug|x86
		{A9EEB99E-A7F9-4272-B798-3C9C9CF4AC74}.Debug|iPhoneSimulator.ActiveCfg = Debug|x86
		{A9EEB99E-A7F9-4272-B798-3C9C9CF4AC74}.Debug|x64.ActiveCfg = Debug|x64
		{A9EEB99E-A7F9-4272-B798-3C9C9CF4AC74}.Debug|x64.Build.0 = Debug|x64
		{A9EEB99E-A7F9-4272-B798-3C9C9CF4AC74}.Debug|x64.Deploy.0 = Debug|x64
		{A9EEB99E-A7F9-4272-B798-3C9C9CF4AC74}.Debug|x86.ActiveCfg = Debug|x86
		{A9EEB99E-A7F9-4272-B798-3C9C9CF4AC74}.Debug|x86.Build.0 = Debug|x86
		{A9EEB99E-A7F9-4272-B798-3C9C9CF4AC74}.Debug|x86.Deploy.0 = Debug|x86
		{A9EEB99E-A7F9-4272-B798-3C9C9CF4AC74}.Release|Any CPU.ActiveCfg = Release|x86
		{A9EEB99E-A7F9-4272-B798-3C9C9CF4AC74}.Release|ARM.ActiveCfg = Release|ARM
		{A9EEB99E-A7F9-4272-B798-3C9C9CF4AC74}.Release|ARM.Build.0 = Release|ARM
		{A9EEB99E-A7F9-4272-B798-3C9C9CF4AC74}.Release|ARM.Deploy.0 = Release|ARM
		{A9EEB99E-A7F9-4272-B798-3C9C9CF4AC74}.Release|iPhone.ActiveCfg = Release|x86
		{A9EEB99E-A7F9-4272-B798-3C9C9CF4AC74}.Release|iPhoneSimulator.ActiveCfg = Release|x86
		{A9EEB99E-A7F9-4272-B798-3C9C9CF4AC74}.Release|x64.ActiveCfg = Release|x64
		{A9EEB99E-A7F9-4272-B798-3C9C9CF4AC74}.Release|x64.Build.0 = Release|x64
		{A9EEB99E-A7F9-4272-B798-3C9C9CF4AC74}.Release|x64.Deploy.0 = Release|x64
		{A9EEB99E-A7F9-4272-B798-3C9C9CF4AC74}.Release|x86.ActiveCfg = Release|x86
		{A9EEB99E-A7F9-4272-B798-3C9C9CF4AC74}.Release|x86.Build.0 = Release|x86
		{A9EEB99E-A7F9-4272-B798-3C9C9CF4AC74}.Release|x86.Deploy.0 = Release|x86
	EndGlobalSection
	GlobalSection(SolutionProperties) = preSolution
		HideSolutionNode = FALSE
	EndGlobalSection
EndGlobal
